PODS:
  - Alamofire (4.7.0)
  - ChameleonFramework/Default (2.1.0)
  - ChameleonFramework/Swift (2.1.0):
    - ChameleonFramework/Default
  - Eureka (4.1.0)
  - Firebase/Core (4.10.1):
    - FirebaseAnalytics (= 4.1.0)
    - FirebaseCore (= 4.0.17)
  - Firebase/Database (4.10.1):
    - Firebase/Core
    - FirebaseDatabase (= 4.1.5)
  - FirebaseAnalytics (4.1.0):
    - FirebaseCore (~> 4.0)
    - FirebaseInstanceID (~> 2.0)
    - GoogleToolboxForMac/NSData+zlib (~> 2.1)
    - nanopb (~> 0.3)
  - FirebaseCore (4.0.17):
    - GoogleToolboxForMac/NSData+zlib (~> 2.1)
  - FirebaseDatabase (4.1.5):
    - FirebaseAnalytics (~> 4.1)
    - FirebaseCore (~> 4.0)
    - leveldb-library (~> 1.18)
  - FirebaseInstanceID (2.0.9):
    - FirebaseCore (~> 4.0)
  - GoogleToolboxForMac/Defines (2.1.3)
  - GoogleToolboxForMac/NSData+zlib (2.1.3):
    - GoogleToolboxForMac/Defines (= 2.1.3)
  - Hue (3.0.1)
  - Kingfisher (4.6.3)
  - leveldb-library (1.20)
  - ModelMapper (7.4.1)
  - Moya (11.0.1):
    - Moya/Core (= 11.0.1)
  - Moya-ModelMapper/Core (7.0.2):
    - ModelMapper
    - Moya (~> 11.0)
  - Moya-ModelMapper/RxSwift (7.0.2):
    - Moya-ModelMapper/Core
    - Moya/RxSwift (~> 11.0)
    - RxSwift
  - Moya/Core (11.0.1):
    - Alamofire (~> 4.1)
    - Result (~> 3.0)
  - Moya/RxSwift (11.0.1):
    - Moya/Core
    - RxSwift (~> 4.0)
  - nanopb (0.3.8):
    - nanopb/decode (= 0.3.8)
    - nanopb/encode (= 0.3.8)
  - nanopb/decode (0.3.8)
  - nanopb/encode (0.3.8)
  - Result (3.2.4)
  - RxCocoa (4.1.2):
    - RxSwift (~> 4.0)
  - RxSwift (4.1.2)
  - TextFieldEffects (1.4.0)

DEPENDENCIES:
  - Alamofire
  - ChameleonFramework/Swift (from `https://github.com/ViccAlexander/Chameleon.git`)
  - Eureka
  - Firebase/Core
  - Firebase/Database
  - Hue
  - Kingfisher
  - Moya-ModelMapper/RxSwift
  - Moya/RxSwift
  - RxCocoa
  - RxSwift
  - TextFieldEffects

EXTERNAL SOURCES:
  ChameleonFramework:
    :git: https://github.com/ViccAlexander/Chameleon.git

CHECKOUT OPTIONS:
  ChameleonFramework:
    :commit: 6dd284bde21ea2e7f9fd89bc36f40df16e16369d
    :git: https://github.com/ViccAlexander/Chameleon.git

SPEC CHECKSUMS:
  Alamofire: 907e0a98eb68cdb7f9d1f541a563d6ac5dc77b25
  ChameleonFramework: d21a3cc247abfe5e37609a283a8238b03575cf64
  Eureka: 5770ef95bbbbe52f8abbc0d9bea6ee8282c50209
  Firebase: 92c6ba593e32db0defde464a9adc981d5cb49f97
  FirebaseAnalytics: 3dfae28d4a5e06f86c4fae830efc2ad3fadb19bc
  FirebaseCore: 872307b001bbefda1dfa0dbfffa50a6919023d4a
  FirebaseDatabase: 5f0bc6134c5c237cf55f9e1249d406770a75eafd
  FirebaseInstanceID: d2058a35e9bebda1b6dd42486b84917bde552a9d
  GoogleToolboxForMac: 2501e2ad72a52eb3dfe7bd9aee7dad11b858bd20
  Hue: 93e852fa6211ab35922ad8c293f51c43d6c79eb2
  Kingfisher: 98e6d5b5e807645743e8ed5ececd25d688d38452
  leveldb-library: 08cba283675b7ed2d99629a4bc5fd052cd2bb6a5
  ModelMapper: e576b4e32007bf574d0f9e4f533d29c46d29f146
  Moya: 3d594ada51a21cc02b18739ab578a1984f900c8a
  Moya-ModelMapper: 7e0edaa193c2f3be4dd2dcb4bab5e2a5d3180270
  nanopb: 5601e6bca2dbf1ed831b519092ec110f66982ca3
  Result: d2d07204ce72856f1fd9130bbe42c35a7b0fea10
  RxCocoa: d88ba0f1f6abf040011a9eb4b539324fc426843a
  RxSwift: e49536837d9901277638493ea537394d4b55f570
  TextFieldEffects: 4ee41b5216e674d55fb6ac25107bf1af7629176f

PODFILE CHECKSUM: 0852135349822b1de5e3c990798f8e9b06d92cb6

COCOAPODS: 1.4.0
